// !$*UTF8*$!
{
	archiveVersion = 1;
	classes = {
	};
	objectVersion = 46;
	objects = {

/* Begin PBXBuildFile section */
		F83DAAE81A95D0B700AA2568 /* SpriteKitRain.sks in Resources */ = {isa = PBXBuildFile; fileRef = F83DAAE61A95D0B700AA2568 /* SpriteKitRain.sks */; };
		F83DAAE91A95D0B700AA2568 /* spark.png in Resources */ = {isa = PBXBuildFile; fileRef = F83DAAE71A95D0B700AA2568 /* spark.png */; };
		F83DAAEB1A95D15300AA2568 /* spriteKit.png in Resources */ = {isa = PBXBuildFile; fileRef = F83DAAEA1A95D15300AA2568 /* spriteKit.png */; };
		F83DAAF01A95F87D00AA2568 /* blueSquare.png in Resources */ = {isa = PBXBuildFile; fileRef = F83DAAEF1A95F87D00AA2568 /* blueSquare.png */; };
		F83DAAF21A9609AB00AA2568 /* SmokeEffect.sks in Resources */ = {isa = PBXBuildFile; fileRef = F83DAAF11A9609AB00AA2568 /* SmokeEffect.sks */; };
		F83DAAF41A961AC800AA2568 /* NavigationControllerDelegate.swift in Sources */ = {isa = PBXBuildFile; fileRef = F83DAAF31A961AC800AA2568 /* NavigationControllerDelegate.swift */; };
		F83DAAF61A961B6600AA2568 /* NavigationController.swift in Sources */ = {isa = PBXBuildFile; fileRef = F83DAAF51A961B6600AA2568 /* NavigationController.swift */; };
		F85E48781A9CCAD3002334EB /* videoForNode.mp4 in Resources */ = {isa = PBXBuildFile; fileRef = F85E48771A9CCAD3002334EB /* videoForNode.mp4 */; };
		F8A2D1B81A972F06009E2ED0 /* SceneWithNavigation.swift in Sources */ = {isa = PBXBuildFile; fileRef = F8A2D1B71A972F06009E2ED0 /* SceneWithNavigation.swift */; };
		F8A2D1BB1A97344D009E2ED0 /* SecondScene.swift in Sources */ = {isa = PBXBuildFile; fileRef = F8A2D1BA1A97344D009E2ED0 /* SecondScene.swift */; };
		F8A83CDE1A9A043B00762B43 /* ThirdScene.swift in Sources */ = {isa = PBXBuildFile; fileRef = F8A83CDD1A9A043B00762B43 /* ThirdScene.swift */; };
		F8A83CE21A9A1D1300762B43 /* reload.png in Resources */ = {isa = PBXBuildFile; fileRef = F8A83CE11A9A1D1300762B43 /* reload.png */; };
		F8CBBAA61A9A487F0041F4BB /* FourthScene.swift in Sources */ = {isa = PBXBuildFile; fileRef = F8CBBAA51A9A487F0041F4BB /* FourthScene.swift */; };
		F8CBBAA81A9A4B5F0041F4BB /* Shuriken.png in Resources */ = {isa = PBXBuildFile; fileRef = F8CBBAA71A9A4B5F0041F4BB /* Shuriken.png */; };
		F8CBBAAA1A9A4B800041F4BB /* triangle.png in Resources */ = {isa = PBXBuildFile; fileRef = F8CBBAA91A9A4B800041F4BB /* triangle.png */; };
		F8CBBAAC1A9A85CF0041F4BB /* FifthScene.swift in Sources */ = {isa = PBXBuildFile; fileRef = F8CBBAAB1A9A85CF0041F4BB /* FifthScene.swift */; };
		F8E517341A947A3400C44A69 /* AppDelegate.swift in Sources */ = {isa = PBXBuildFile; fileRef = F8E517331A947A3400C44A69 /* AppDelegate.swift */; };
		F8E517381A947A3400C44A69 /* InitialScene.swift in Sources */ = {isa = PBXBuildFile; fileRef = F8E517371A947A3400C44A69 /* InitialScene.swift */; };
		F8E5173A1A947A3400C44A69 /* GameViewController.swift in Sources */ = {isa = PBXBuildFile; fileRef = F8E517391A947A3400C44A69 /* GameViewController.swift */; };
		F8E5173D1A947A3400C44A69 /* Main.storyboard in Resources */ = {isa = PBXBuildFile; fileRef = F8E5173B1A947A3400C44A69 /* Main.storyboard */; };
		F8E5173F1A947A3400C44A69 /* Images.xcassets in Resources */ = {isa = PBXBuildFile; fileRef = F8E5173E1A947A3400C44A69 /* Images.xcassets */; };
		F8E517421A947A3400C44A69 /* LaunchScreen.xib in Resources */ = {isa = PBXBuildFile; fileRef = F8E517401A947A3400C44A69 /* LaunchScreen.xib */; };
		F8E5174E1A947A3500C44A69 /* SpriteKit_DemoTests.swift in Sources */ = {isa = PBXBuildFile; fileRef = F8E5174D1A947A3500C44A69 /* SpriteKit_DemoTests.swift */; };
/* End PBXBuildFile section */

/* Begin PBXContainerItemProxy section */
		F8E517481A947A3500C44A69 /* PBXContainerItemProxy */ = {
			isa = PBXContainerItemProxy;
			containerPortal = F8E517261A947A3400C44A69 /* Project object */;
			proxyType = 1;
			remoteGlobalIDString = F8E5172D1A947A3400C44A69;
			remoteInfo = "SpriteKit Demo";
		};
/* End PBXContainerItemProxy section */

/* Begin PBXFileReference section */
		F83DAAE61A95D0B700AA2568 /* SpriteKitRain.sks */ = {isa = PBXFileReference; lastKnownFileType = file.sks; path = SpriteKitRain.sks; sourceTree = "<group>"; };
		F83DAAE71A95D0B700AA2568 /* spark.png */ = {isa = PBXFileReference; lastKnownFileType = image.png; path = spark.png; sourceTree = "<group>"; };
		F83DAAEA1A95D15300AA2568 /* spriteKit.png */ = {isa = PBXFileReference; lastKnownFileType = image.png; path = spriteKit.png; sourceTree = "<group>"; };
		F83DAAEF1A95F87D00AA2568 /* blueSquare.png */ = {isa = PBXFileReference; lastKnownFileType = image.png; path = blueSquare.png; sourceTree = "<group>"; };
		F83DAAF11A9609AB00AA2568 /* SmokeEffect.sks */ = {isa = PBXFileReference; lastKnownFileType = file.sks; path = SmokeEffect.sks; sourceTree = "<group>"; };
		F83DAAF31A961AC800AA2568 /* NavigationControllerDelegate.swift */ = {isa = PBXFileReference; fileEncoding = 4; lastKnownFileType = sourcecode.swift; path = NavigationControllerDelegate.swift; sourceTree = "<group>"; };
		F83DAAF51A961B6600AA2568 /* NavigationController.swift */ = {isa = PBXFileReference; fileEncoding = 4; lastKnownFileType = sourcecode.swift; path = NavigationController.swift; sourceTree = "<group>"; };
		F85E48771A9CCAD3002334EB /* videoForNode.mp4 */ = {isa = PBXFileReference; lastKnownFileType = file; path = videoForNode.mp4; sourceTree = "<group>"; };
		F869B50D1A9CCA1E00AEB540 /* video.mp4 */ = {isa = PBXFileReference; lastKnownFileType = file; path = video.mp4; sourceTree = "<group>"; };
		F8A2D1B71A972F06009E2ED0 /* SceneWithNavigation.swift */ = {isa = PBXFileReference; fileEncoding = 4; lastKnownFileType = sourcecode.swift; path = SceneWithNavigation.swift; sourceTree = "<group>"; };
		F8A2D1BA1A97344D009E2ED0 /* SecondScene.swift */ = {isa = PBXFileReference; fileEncoding = 4; lastKnownFileType = sourcecode.swift; path = SecondScene.swift; sourceTree = "<group>"; };
		F8A83CDD1A9A043B00762B43 /* ThirdScene.swift */ = {isa = PBXFileReference; fileEncoding = 4; lastKnownFileType = sourcecode.swift; path = ThirdScene.swift; sourceTree = "<group>"; };
		F8A83CE11A9A1D1300762B43 /* reload.png */ = {isa = PBXFileReference; lastKnownFileType = image.png; path = reload.png; sourceTree = "<group>"; };
		F8CBBAA51A9A487F0041F4BB /* FourthScene.swift */ = {isa = PBXFileReference; fileEncoding = 4; lastKnownFileType = sourcecode.swift; path = FourthScene.swift; sourceTree = "<group>"; };
		F8CBBAA71A9A4B5F0041F4BB /* Shuriken.png */ = {isa = PBXFileReference; lastKnownFileType = image.png; path = Shuriken.png; sourceTree = "<group>"; };
		F8CBBAA91A9A4B800041F4BB /* triangle.png */ = {isa = PBXFileReference; lastKnownFileType = image.png; path = triangle.png; sourceTree = "<group>"; };
		F8CBBAAB1A9A85CF0041F4BB /* FifthScene.swift */ = {isa = PBXFileReference; fileEncoding = 4; lastKnownFileType = sourcecode.swift; path = FifthScene.swift; sourceTree = "<group>"; };
		F8E5172E1A947A3400C44A69 /* SpriteKit Demo.app */ = {isa = PBXFileReference; explicitFileType = wrapper.application; includeInIndex = 0; path = "SpriteKit Demo.app"; sourceTree = BUILT_PRODUCTS_DIR; };
		F8E517321A947A3400C44A69 /* Info.plist */ = {isa = PBXFileReference; lastKnownFileType = text.plist.xml; path = Info.plist; sourceTree = "<group>"; };
		F8E517331A947A3400C44A69 /* AppDelegate.swift */ = {isa = PBXFileReference; lastKnownFileType = sourcecode.swift; path = AppDelegate.swift; sourceTree = "<group>"; };
		F8E517371A947A3400C44A69 /* InitialScene.swift */ = {isa = PBXFileReference; lastKnownFileType = sourcecode.swift; path = InitialScene.swift; sourceTree = "<group>"; };
		F8E517391A947A3400C44A69 /* GameViewController.swift */ = {isa = PBXFileReference; lastKnownFileType = sourcecode.swift; path = GameViewController.swift; sourceTree = "<group>"; };
		F8E5173C1A947A3400C44A69 /* Base */ = {isa = PBXFileReference; lastKnownFileType = file.storyboard; name = Base; path = Base.lproj/Main.storyboard; sourceTree = "<group>"; };
		F8E5173E1A947A3400C44A69 /* Images.xcassets */ = {isa = PBXFileReference; lastKnownFileType = folder.assetcatalog; path = Images.xcassets; sourceTree = "<group>"; };
		F8E517411A947A3400C44A69 /* Base */ = {isa = PBXFileReference; lastKnownFileType = file.xib; name = Base; path = Base.lproj/LaunchScreen.xib; sourceTree = "<group>"; };
		F8E517471A947A3500C44A69 /* SpriteKit DemoTests.xctest */ = {isa = PBXFileReference; explicitFileType = wrapper.cfbundle; includeInIndex = 0; path = "SpriteKit DemoTests.xctest"; sourceTree = BUILT_PRODUCTS_DIR; };
		F8E5174C1A947A3500C44A69 /* Info.plist */ = {isa = PBXFileReference; lastKnownFileType = text.plist.xml; path = Info.plist; sourceTree = "<group>"; };
		F8E5174D1A947A3500C44A69 /* SpriteKit_DemoTests.swift */ = {isa = PBXFileReference; lastKnownFileType = sourcecode.swift; path = SpriteKit_DemoTests.swift; sourceTree = "<group>"; };
/* End PBXFileReference section */

/* Begin PBXFrameworksBuildPhase section */
		F8E5172B1A947A3400C44A69 /* Frameworks */ = {
			isa = PBXFrameworksBuildPhase;
			buildActionMask = 2147483647;
			files = (
			);
			runOnlyForDeploymentPostprocessing = 0;
		};
		F8E517441A947A3500C44A69 /* Frameworks */ = {
			isa = PBXFrameworksBuildPhase;
			buildActionMask = 2147483647;
			files = (
			);
			runOnlyForDeploymentPostprocessing = 0;
		};
/* End PBXFrameworksBuildPhase section */

/* Begin PBXGroup section */
		F83DAAEC1A95D27700AA2568 /* EmittersUsingSpriteKitPNG */ = {
			isa = PBXGroup;
			children = (
				F83DAAE61A95D0B700AA2568 /* SpriteKitRain.sks */,
				F83DAAEA1A95D15300AA2568 /* spriteKit.png */,
			);
			name = EmittersUsingSpriteKitPNG;
			sourceTree = "<group>";
		};
		F8A2D1B91A9733EC009E2ED0 /* Navigation */ = {
			isa = PBXGroup;
			children = (
				F83DAAF51A961B6600AA2568 /* NavigationController.swift */,
				F8A2D1B71A972F06009E2ED0 /* SceneWithNavigation.swift */,
				F83DAAF31A961AC800AA2568 /* NavigationControllerDelegate.swift */,
			);
			name = Navigation;
			sourceTree = "<group>";
		};
		F8E517251A947A3400C44A69 = {
			isa = PBXGroup;
			children = (
				F8E517301A947A3400C44A69 /* SpriteKit Demo */,
				F8E5174A1A947A3500C44A69 /* SpriteKit DemoTests */,
				F8E5172F1A947A3400C44A69 /* Products */,
			);
			sourceTree = "<group>";
		};
		F8E5172F1A947A3400C44A69 /* Products */ = {
			isa = PBXGroup;
			children = (
				F8E5172E1A947A3400C44A69 /* SpriteKit Demo.app */,
				F8E517471A947A3500C44A69 /* SpriteKit DemoTests.xctest */,
			);
			name = Products;
			sourceTree = "<group>";
		};
		F8E517301A947A3400C44A69 /* SpriteKit Demo */ = {
			isa = PBXGroup;
			children = (
				F8E517371A947A3400C44A69 /* InitialScene.swift */,
				F8A2D1BA1A97344D009E2ED0 /* SecondScene.swift */,
				F8A83CDD1A9A043B00762B43 /* ThirdScene.swift */,
				F8CBBAA51A9A487F0041F4BB /* FourthScene.swift */,
				F8CBBAAB1A9A85CF0041F4BB /* FifthScene.swift */,
				F8E517331A947A3400C44A69 /* AppDelegate.swift */,
				F8A2D1B91A9733EC009E2ED0 /* Navigation */,
				F8EADEAF1A9625C50056B64B /* EmittersUsingSparkPNG */,
				F83DAAEC1A95D27700AA2568 /* EmittersUsingSpriteKitPNG */,
				F8E517391A947A3400C44A69 /* GameViewController.swift */,
				F83DAAEF1A95F87D00AA2568 /* blueSquare.png */,
				F8CBBAA71A9A4B5F0041F4BB /* Shuriken.png */,
				F8CBBAA91A9A4B800041F4BB /* triangle.png */,
				F85E48771A9CCAD3002334EB /* videoForNode.mp4 */,
				F869B50D1A9CCA1E00AEB540 /* video.mp4 */,
				F8A83CE11A9A1D1300762B43 /* reload.png */,
				F8E5173B1A947A3400C44A69 /* Main.storyboard */,
				F8E5173E1A947A3400C44A69 /* Images.xcassets */,
				F8E517401A947A3400C44A69 /* LaunchScreen.xib */,
				F8E517311A947A3400C44A69 /* Supporting Files */,
			);
			path = "SpriteKit Demo";
			sourceTree = "<group>";
		};
		F8E517311A947A3400C44A69 /* Supporting Files */ = {
			isa = PBXGroup;
			children = (
				F8E517321A947A3400C44A69 /* Info.plist */,
			);
			name = "Supporting Files";
			sourceTree = "<group>";
		};
		F8E5174A1A947A3500C44A69 /* SpriteKit DemoTests */ = {
			isa = PBXGroup;
			children = (
				F8E5174D1A947A3500C44A69 /* SpriteKit_DemoTests.swift */,
				F8E5174B1A947A3500C44A69 /* Supporting Files */,
			);
			path = "SpriteKit DemoTests";
			sourceTree = "<group>";
		};
		F8E5174B1A947A3500C44A69 /* Supporting Files */ = {
			isa = PBXGroup;
			children = (
				F8E5174C1A947A3500C44A69 /* Info.plist */,
			);
			name = "Supporting Files";
			sourceTree = "<group>";
		};
		F8EADEAF1A9625C50056B64B /* EmittersUsingSparkPNG */ = {
			isa = PBXGroup;
			children = (
				F83DAAF11A9609AB00AA2568 /* SmokeEffect.sks */,
				F83DAAE71A95D0B700AA2568 /* spark.png */,
			);
			name = EmittersUsingSparkPNG;
			sourceTree = "<group>";
		};
/* End PBXGroup section */

/* Begin PBXNativeTarget section */
		F8E5172D1A947A3400C44A69 /* SpriteKit Demo */ = {
			isa = PBXNativeTarget;
			buildConfigurationList = F8E517511A947A3500C44A69 /* Build configuration list for PBXNativeTarget "SpriteKit Demo" */;
			buildPhases = (
				F8E5172A1A947A3400C44A69 /* Sources */,
				F8E5172B1A947A3400C44A69 /* Frameworks */,
				F8E5172C1A947A3400C44A69 /* Resources */,
			);
			buildRules = (
			);
			dependencies = (
			);
			name = "SpriteKit Demo";
			productName = "SpriteKit Demo";
			productReference = F8E5172E1A947A3400C44A69 /* SpriteKit Demo.app */;
			productType = "com.apple.product-type.application";
		};
		F8E517461A947A3500C44A69 /* SpriteKit DemoTests */ = {
			isa = PBXNativeTarget;
			buildConfigurationList = F8E517541A947A3500C44A69 /* Build configuration list for PBXNativeTarget "SpriteKit DemoTests" */;
			buildPhases = (
				F8E517431A947A3500C44A69 /* Sources */,
				F8E517441A947A3500C44A69 /* Frameworks */,
				F8E517451A947A3500C44A69 /* Resources */,
			);
			buildRules = (
			);
			dependencies = (
				F8E517491A947A3500C44A69 /* PBXTargetDependency */,
			);
			name = "SpriteKit DemoTests";
			productName = "SpriteKit DemoTests";
			productReference = F8E517471A947A3500C44A69 /* SpriteKit DemoTests.xctest */;
			productType = "com.apple.product-type.bundle.unit-test";
		};
/* End PBXNativeTarget section */

/* Begin PBXProject section */
		F8E517261A947A3400C44A69 /* Project object */ = {
			isa = PBXProject;
			attributes = {
				LastUpgradeCheck = 0610;
				ORGANIZATIONNAME = "Stefan Stolniceanu";
				TargetAttributes = {
					F8E5172D1A947A3400C44A69 = {
						CreatedOnToolsVersion = 6.1.1;
					};
					F8E517461A947A3500C44A69 = {
						CreatedOnToolsVersion = 6.1.1;
						TestTargetID = F8E5172D1A947A3400C44A69;
					};
				};
			};
			buildConfigurationList = F8E517291A947A3400C44A69 /* Build configuration list for PBXProject "SpriteKit Demo" */;
			compatibilityVersion = "Xcode 3.2";
			developmentRegion = English;
			hasScannedForEncodings = 0;
			knownRegions = (
				en,
				Base,
			);
			mainGroup = F8E517251A947A3400C44A69;
			productRefGroup = F8E5172F1A947A3400C44A69 /* Products */;
			projectDirPath = "";
			projectRoot = "";
			targets = (
				F8E5172D1A947A3400C44A69 /* SpriteKit Demo */,
				F8E517461A947A3500C44A69 /* SpriteKit DemoTests */,
			);
		};
/* End PBXProject section */

/* Begin PBXResourcesBuildPhase section */
		F8E5172C1A947A3400C44A69 /* Resources */ = {
			isa = PBXResourcesBuildPhase;
			buildActionMask = 2147483647;
			files = (
				F83DAAF01A95F87D00AA2568 /* blueSquare.png in Resources */,
				F8CBBAAA1A9A4B800041F4BB /* triangle.png in Resources */,
				F8CBBAA81A9A4B5F0041F4BB /* Shuriken.png in Resources */,
				F83DAAE91A95D0B700AA2568 /* spark.png in Resources */,
				F83DAAEB1A95D15300AA2568 /* spriteKit.png in Resources */,
				F8E517421A947A3400C44A69 /* LaunchScreen.xib in Resources */,
				F8A83CE21A9A1D1300762B43 /* reload.png in Resources */,
				F85E48781A9CCAD3002334EB /* videoForNode.mp4 in Resources */,
				F83DAAE81A95D0B700AA2568 /* SpriteKitRain.sks in Resources */,
				F8E5173F1A947A3400C44A69 /* Images.xcassets in Resources */,
				F8E5173D1A947A3400C44A69 /* Main.storyboard in Resources */,
				F83DAAF21A9609AB00AA2568 /* SmokeEffect.sks in Resources */,
			);
			runOnlyForDeploymentPostprocessing = 0;
		};
		F8E517451A947A3500C44A69 /* Resources */ = {
			isa = PBXResourcesBuildPhase;
			buildActionMask = 2147483647;
			files = (
			);
			runOnlyForDeploymentPostprocessing = 0;
		};
/* End PBXResourcesBuildPhase section */

/* Begin PBXSourcesBuildPhase section */
		F8E5172A1A947A3400C44A69 /* Sources */ = {
			isa = PBXSourcesBuildPhase;
			buildActionMask = 2147483647;
			files = (
				F8E517381A947A3400C44A69 /* InitialScene.swift in Sources */,
				F8CBBAA61A9A487F0041F4BB /* FourthScene.swift in Sources */,
				F8CBBAAC1A9A85CF0041F4BB /* FifthScene.swift in Sources */,
				F8A2D1B81A972F06009E2ED0 /* SceneWithNavigation.swift in Sources */,
				F8E5173A1A947A3400C44A69 /* GameViewController.swift in Sources */,
				F83DAAF61A961B6600AA2568 /* NavigationController.swift in Sources */,
				F8A83CDE1A9A043B00762B43 /* ThirdScene.swift in Sources */,
				F8E517341A947A3400C44A69 /* AppDelegate.swift in Sources */,
				F83DAAF41A961AC800AA2568 /* NavigationControllerDelegate.swift in Sources */,
				F8A2D1BB1A97344D009E2ED0 /* SecondScene.swift in Sources */,
			);
			runOnlyForDeploymentPostprocessing = 0;
		};
		F8E517431A947A3500C44A69 /* Sources */ = {
			isa = PBXSourcesBuildPhase;
			buildActionMask = 2147483647;
			files = (
				F8E5174E1A947A3500C44A69 /* SpriteKit_DemoTests.swift in Sources */,
			);
			runOnlyForDeploymentPostprocessing = 0;
		};
/* End PBXSourcesBuildPhase section */

/* Begin PBXTargetDependency section */
		F8E517491A947A3500C44A69 /* PBXTargetDependency */ = {
			isa = PBXTargetDependency;
			target = F8E5172D1A947A3400C44A69 /* SpriteKit Demo */;
			targetProxy = F8E517481A947A3500C44A69 /* PBXContainerItemProxy */;
		};
/* End PBXTargetDependency section */

/* Begin PBXVariantGroup section */
		F8E5173B1A947A3400C44A69 /* Main.storyboard */ = {
			isa = PBXVariantGroup;
			children = (
				F8E5173C1A947A3400C44A69 /* Base */,
			);
			name = Main.storyboard;
			sourceTree = "<group>";
		};
		F8E517401A947A3400C44A69 /* LaunchScreen.xib */ = {
			isa = PBXVariantGroup;
			children = (
				F8E517411A947A3400C44A69 /* Base */,
			);
			name = LaunchScreen.xib;
			sourceTree = "<group>";
		};
/* End PBXVariantGroup section */

/* Begin XCBuildConfiguration section */
		F8E5174F1A947A3500C44A69 /* Debug */ = {
			isa = XCBuildConfiguration;
			buildSettings = {
				ALWAYS_SEARCH_USER_PATHS = NO;
				CLANG_CXX_LANGUAGE_STANDARD = "gnu++0x";
				CLANG_CXX_LIBRARY = "libc++";
				CLANG_ENABLE_MODULES = YES;
				CLANG_ENABLE_OBJC_ARC = YES;
				CLANG_WARN_BOOL_CONVERSION = YES;
				CLANG_WARN_CONSTANT_CONVERSION = YES;
				CLANG_WARN_DIRECT_OBJC_ISA_USAGE = YES_ERROR;
				CLANG_WARN_EMPTY_BODY = YES;
				CLANG_WARN_ENUM_CONVERSION = YES;
				CLANG_WARN_INT_CONVERSION = YES;
				CLANG_WARN_OBJC_ROOT_CLASS = YES_ERROR;
				CLANG_WARN_UNREACHABLE_CODE = YES;
				CLANG_WARN__DUPLICATE_METHOD_MATCH = YES;
				"CODE_SIGN_IDENTITY[sdk=iphoneos*]" = "iPhone Developer";
				COPY_PHASE_STRIP = NO;
				ENABLE_STRICT_OBJC_MSGSEND = YES;
				GCC_C_LANGUAGE_STANDARD = gnu99;
				GCC_DYNAMIC_NO_PIC = NO;
				GCC_OPTIMIZATION_LEVEL = 0;
				GCC_PREPROCESSOR_DEFINITIONS = (
					"DEBUG=1",
					"$(inherited)",
				);
				GCC_SYMBOLS_PRIVATE_EXTERN = NO;
				GCC_WARN_64_TO_32_BIT_CONVERSION = YES;
				GCC_WARN_ABOUT_RETURN_TYPE = YES_ERROR;
				GCC_WARN_UNDECLARED_SELECTOR = YES;
				GCC_WARN_UNINITIALIZED_AUTOS = YES_AGGRESSIVE;
				GCC_WARN_UNUSED_FUNCTION = YES;
				GCC_WARN_UNUSED_VARIABLE = YES;
				IPHONEOS_DEPLOYMENT_TARGET = 8.1;
				MTL_ENABLE_DEBUG_INFO = YES;
				ONLY_ACTIVE_ARCH = YES;
				SDKROOT = iphoneos;
				SWIFT_OPTIMIZATION_LEVEL = "-Onone";
			};
			name = Debug;
		};
		F8E517501A947A3500C44A69 /* Release */ = {
			isa = XCBuildConfiguration;
			buildSettings = {
				ALWAYS_SEARCH_USER_PATHS = NO;
				CLANG_CXX_LANGUAGE_STANDARD = "gnu++0x";
				CLANG_CXX_LIBRARY = "libc++";
				CLANG_ENABLE_MODULES = YES;
				CLANG_ENABLE_OBJC_ARC = YES;
				CLANG_WARN_BOOL_CONVERSION = YES;
				CLANG_WARN_CONSTANT_CONVERSION = YES;
				CLANG_WARN_DIRECT_OBJC_ISA_USAGE = YES_ERROR;
				CLANG_WARN_EMPTY_BODY = YES;
				CLANG_WARN_ENUM_CONVERSION = YES;
				CLANG_WARN_INT_CONVERSION = YES;
				CLANG_WARN_OBJC_ROOT_CLASS = YES_ERROR;
				CLANG_WARN_UNREACHABLE_CODE = YES;
				CLANG_WARN__DUPLICATE_METHOD_MATCH = YES;
				"CODE_SIGN_IDENTITY[sdk=iphoneos*]" = "iPhone Developer";
				COPY_PHASE_STRIP = YES;
				ENABLE_NS_ASSERTIONS = NO;
				ENABLE_STRICT_OBJC_MSGSEND = YES;
				GCC_C_LANGUAGE_STANDARD = gnu99;
				GCC_WARN_64_TO_32_BIT_CONVERSION = YES;
				GCC_WARN_ABOUT_RETURN_TYPE = YES_ERROR;
				GCC_WARN_UNDECLARED_SELECTOR = YES;
				GCC_WARN_UNINITIALIZED_AUTOS = YES_AGGRESSIVE;
				GCC_WARN_UNUSED_FUNCTION = YES;
				GCC_WARN_UNUSED_VARIABLE = YES;
				IPHONEOS_DEPLOYMENT_TARGET = 8.1;
				MTL_ENABLE_DEBUG_INFO = NO;
				SDKROOT = iphoneos;
				VALIDATE_PRODUCT = YES;
			};
			name = Release;
		};
		F8E517521A947A3500C44A69 /* Debug */ = {
			isa = XCBuildConfiguration;
			buildSettings = {
				ASSETCATALOG_COMPILER_APPICON_NAME = AppIcon;
				INFOPLIST_FILE = "SpriteKit Demo/Info.plist";
				LD_RUNPATH_SEARCH_PATHS = "$(inherited) @executable_path/Frameworks";
				PRODUCT_NAME = "$(TARGET_NAME)";
			};
			name = Debug;
		};
		F8E517531A947A3500C44A69 /* Release */ = {
			isa = XCBuildConfiguration;
			buildSettings = {
				ASSETCATALOG_COMPILER_APPICON_NAME = AppIcon;
				INFOPLIST_FILE = "SpriteKit Demo/Info.plist";
				LD_RUNPATH_SEARCH_PATHS = "$(inherited) @executable_path/Frameworks";
				PRODUCT_NAME = "$(TARGET_NAME)";
			};
			name = Release;
		};
		F8E517551A947A3500C44A69 /* Debug */ = {
			isa = XCBuildConfiguration;
			buildSettings = {
				BUNDLE_LOADER = "$(TEST_HOST)";
				FRAMEWORK_SEARCH_PATHS = (
					"$(SDKROOT)/Developer/Library/Frameworks",
					"$(inherited)",
				);
				GCC_PREPROCESSOR_DEFINITIONS = (
					"DEBUG=1",
					"$(inherited)",
				);
				INFOPLIST_FILE = "SpriteKit DemoTests/Info.plist";
				LD_RUNPATH_SEARCH_PATHS = "$(inherited) @executable_path/Frameworks @loader_path/Frameworks";
				PRODUCT_NAME = "$(TARGET_NAME)";
				TEST_HOST = "$(BUILT_PRODUCTS_DIR)/SpriteKit Demo.app/SpriteKit Demo";
			};
			name = Debug;
		};
		F8E517561A947A3500C44A69 /* Release */ = {
			isa = XCBuildConfiguration;
			buildSettings = {
				BUNDLE_LOADER = "$(TEST_HOST)";
				FRAMEWORK_SEARCH_PATHS = (
					"$(SDKROOT)/Developer/Library/Frameworks",
					"$(inherited)",
				);
				INFOPLIST_FILE = "SpriteKit DemoTests/Info.plist";
				LD_RUNPATH_SEARCH_PATHS = "$(inherited) @executable_path/Frameworks @loader_path/Frameworks";
				PRODUCT_NAME = "$(TARGET_NAME)";
				TEST_HOST = "$(BUILT_PRODUCTS_DIR)/SpriteKit Demo.app/SpriteKit Demo";
			};
			name = Release;
		};
/* End XCBuildConfiguration section */

/* Begin XCConfigurationList section */
		F8E517291A947A3400C44A69 /* Build configuration list for PBXProject "SpriteKit Demo" */ = {
			isa = XCConfigurationList;
			buildConfigurations = (
				F8E5174F1A947A3500C44A69 /* Debug */,
				F8E517501A947A3500C44A69 /* Release */,
			);
			defaultConfigurationIsVisible = 0;
			defaultConfigurationName = Release;
		};
		F8E517511A947A3500C44A69 /* Build configuration list for PBXNativeTarget "SpriteKit Demo" */ = {
			isa = XCConfigurationList;
			buildConfigurations = (
				F8E517521A947A3500C44A69 /* Debug */,
				F8E517531A947A3500C44A69 /* Release */,
			);
			defaultConfigurationIsVisible = 0;
			defaultConfigurationName = Release;
		};
		F8E517541A947A3500C44A69 /* Build configuration list for PBXNativeTarget "SpriteKit DemoTests" */ = {
			isa = XCConfigurationList;
			buildConfigurations = (
				F8E517551A947A3500C44A69 /* Debug */,
				F8E517561A947A3500C44A69 /* Release */,
			);
			defaultConfigurationIsVisible = 0;
			defaultConfigurationName = Release;
		};
/* End XCConfigurationList section */
	};
	rootObject = F8E517261A947A3400C44A69 /* Project object */;
}
